
Microsoft Visual Studio Solution File, Format Version 12.00
# Visual Studio Version 16
VisualStudioVersion = 16.0.30317.65
MinimumVisualStudioVersion = 10.0.40219.1
Project("{FAE04EC0-301F-11D3-BF4B-00C04F79EFBC}") = "Threads1", "Threads1\Threads1.csproj", "{4440F468-96B1-4DFD-BDA5-E0D92689EE22}"
EndProject
Project("{9A19103F-16F7-4668-BE54-9A1E7A4F7556}") = "AsyncAwait1", "AsyncAwait1\AsyncAwait1.csproj", "{D6E9855F-F0A7-4617-970A-06715C845E7E}"
EndProject
Global
	GlobalSection(SolutionConfigurationPlatforms) = preSolution
		Debug|Any CPU = Debug|Any CPU
		Release|Any CPU = Release|Any CPU
	EndGlobalSection
	GlobalSection(ProjectConfigurationPlatforms) = postSolution
		{4440F468-96B1-4DFD-BDA5-E0D92689EE22}.Debug|Any CPU.ActiveCfg = Debug|Any CPU
		{4440F468-96B1-4DFD-BDA5-E0D92689EE22}.Debug|Any CPU.Build.0 = Debug|Any CPU
		{4440F468-96B1-4DFD-BDA5-E0D92689EE22}.Release|Any CPU.ActiveCfg = Release|Any CPU
		{4440F468-96B1-4DFD-BDA5-E0D92689EE22}.Release|Any CPU.Build.0 = Release|Any CPU
		{D6E9855F-F0A7-4617-970A-06715C845E7E}.Debug|Any CPU.ActiveCfg = Debug|Any CPU
		{D6E9855F-F0A7-4617-970A-06715C845E7E}.Debug|Any CPU.Build.0 = Debug|Any CPU
		{D6E9855F-F0A7-4617-970A-06715C845E7E}.Release|Any CPU.ActiveCfg = Release|Any CPU
		{D6E9855F-F0A7-4617-970A-06715C845E7E}.Release|Any CPU.Build.0 = Release|Any CPU
	EndGlobalSection
	GlobalSection(SolutionProperties) = preSolution
		HideSolutionNode = FALSE
	EndGlobalSection
	GlobalSection(ExtensibilityGlobals) = postSolution
		SolutionGuid = {2AB9BB3C-66F0-472E-8BD9-D7ACB54BB08E}
	EndGlobalSection
EndGlobal
